
Microsoft Visual Studio Solution File, Format Version 12.00
# Visual Studio 2013
VisualStudioVersion = 12.0.21005.1
MinimumVisualStudioVersion = 10.0.40219.1
Project("{FAE04EC0-301F-11D3-BF4B-00C04F79EFBC}") = "Robotik-Silverlight", "Robotik-Silverlight\Robotik-Silverlight.csproj", "{1839310A-DD5A-48D6-811B-C8CF482EA273}"
EndProject
Project("{FAE04EC0-301F-11D3-BF4B-00C04F79EFBC}") = "Robotik-Silverlight.Web", "Robotik-Silverlight.Web\Robotik-Silverlight.Web.csproj", "{300439D5-C4AD-4369-9CA3-A9B1979965D9}"
EndProject
Global
	GlobalSection(SolutionConfigurationPlatforms) = preSolution
		Debug|Any CPU = Debug|Any CPU
		Release|Any CPU = Release|Any CPU
	EndGlobalSection
	GlobalSection(ProjectConfigurationPlatforms) = postSolution
		{1839310A-DD5A-48D6-811B-C8CF482EA273}.Debug|Any CPU.ActiveCfg = Debug|Any CPU
		{1839310A-DD5A-48D6-811B-C8CF482EA273}.Debug|Any CPU.Build.0 = Debug|Any CPU
		{1839310A-DD5A-48D6-811B-C8CF482EA273}.Release|Any CPU.ActiveCfg = Release|Any CPU
		{1839310A-DD5A-48D6-811B-C8CF482EA273}.Release|Any CPU.Build.0 = Release|Any CPU
		{300439D5-C4AD-4369-9CA3-A9B1979965D9}.Debug|Any CPU.ActiveCfg = Debug|Any CPU
		{300439D5-C4AD-4369-9CA3-A9B1979965D9}.Debug|Any CPU.Build.0 = Debug|Any CPU
		{300439D5-C4AD-4369-9CA3-A9B1979965D9}.Release|Any CPU.ActiveCfg = Release|Any CPU
		{300439D5-C4AD-4369-9CA3-A9B1979965D9}.Release|Any CPU.Build.0 = Release|Any CPU
	EndGlobalSection
	GlobalSection(SolutionProperties) = preSolution
		HideSolutionNode = FALSE
	EndGlobalSection
EndGlobal
